
Microsoft Visual Studio Solution File, Format Version 12.00
Project("{FAE04EC0-301F-11D3-BF4B-00C04F79EFBC}") = "Core", "Core\Core.csproj", "{FD1A1082-9BAA-4FFB-A7D4-40EE9C60FE5B}"
EndProject
Project("{FAE04EC0-301F-11D3-BF4B-00C04F79EFBC}") = "CoreTests", "CoreTests\CoreTests.csproj", "{2A76B481-B675-4C83-B214-00C294DD4F83}"
EndProject
Global
	GlobalSection(SolutionConfigurationPlatforms) = preSolution
		Debug|Any CPU = Debug|Any CPU
		Release|Any CPU = Release|Any CPU
	EndGlobalSection
	GlobalSection(ProjectConfigurationPlatforms) = postSolution
		{FD1A1082-9BAA-4FFB-A7D4-40EE9C60FE5B}.Debug|Any CPU.ActiveCfg = Debug|Any CPU
		{FD1A1082-9BAA-4FFB-A7D4-40EE9C60FE5B}.Debug|Any CPU.Build.0 = Debug|Any CPU
		{FD1A1082-9BAA-4FFB-A7D4-40EE9C60FE5B}.Release|Any CPU.ActiveCfg = Release|Any CPU
		{FD1A1082-9BAA-4FFB-A7D4-40EE9C60FE5B}.Release|Any CPU.Build.0 = Release|Any CPU
		{2A76B481-B675-4C83-B214-00C294DD4F83}.Debug|Any CPU.ActiveCfg = Debug|Any CPU
		{2A76B481-B675-4C83-B214-00C294DD4F83}.Debug|Any CPU.Build.0 = Debug|Any CPU
		{2A76B481-B675-4C83-B214-00C294DD4F83}.Release|Any CPU.ActiveCfg = Release|Any CPU
		{2A76B481-B675-4C83-B214-00C294DD4F83}.Release|Any CPU.Build.0 = Release|Any CPU
	EndGlobalSection
EndGlobal
